
Microsoft Visual Studio Solution File, Format Version 12.00
# Visual Studio 15
VisualStudioVersion = 15.0.27703.2047
MinimumVisualStudioVersion = 10.0.40219.1
Project("{8BC9CEB8-8B4A-11D0-8D11-00A0C91BC942}") = "CallingFunctions", "CallingFunctions\CallingFunctions.vcxproj", "{5F06215A-6446-4C15-AD4B-265F9807E113}"
EndProject
Global
	GlobalSection(SolutionConfigurationPlatforms) = preSolution
		Debug|x64 = Debug|x64
		Debug|x86 = Debug|x86
		Release|x64 = Release|x64
		Release|x86 = Release|x86
	EndGlobalSection
	GlobalSection(ProjectConfigurationPlatforms) = postSolution
		{5F06215A-6446-4C15-AD4B-265F9807E113}.Debug|x64.ActiveCfg = Debug|x64
		{5F06215A-6446-4C15-AD4B-265F9807E113}.Debug|x64.Build.0 = Debug|x64
		{5F06215A-6446-4C15-AD4B-265F9807E113}.Debug|x86.ActiveCfg = Debug|Win32
		{5F06215A-6446-4C15-AD4B-265F9807E113}.Debug|x86.Build.0 = Debug|Win32
		{5F06215A-6446-4C15-AD4B-265F9807E113}.Release|x64.ActiveCfg = Release|x64
		{5F06215A-6446-4C15-AD4B-265F9807E113}.Release|x64.Build.0 = Release|x64
		{5F06215A-6446-4C15-AD4B-265F9807E113}.Release|x86.ActiveCfg = Release|Win32
		{5F06215A-6446-4C15-AD4B-265F9807E113}.Release|x86.Build.0 = Release|Win32
	EndGlobalSection
	GlobalSection(SolutionProperties) = preSolution
		HideSolutionNode = FALSE
	EndGlobalSection
	GlobalSection(ExtensibilityGlobals) = postSolution
		SolutionGuid = {BB206D2F-1012-4B8B-8E12-F424169786CF}
	EndGlobalSection
EndGlobal
